
Microsoft Visual Studio Solution File, Format Version 12.00
# Visual Studio 15
VisualStudioVersion = 15.0.28010.2016
MinimumVisualStudioVersion = 10.0.40219.1
Project("{8BC9CEB8-8B4A-11D0-8D11-00A0C91BC942}") = "Predavanje4_1", "Predavanje4_1\Predavanje4_1.vcxproj", "{227F707D-6E4F-4BF8-B568-CBD45456F61E}"
EndProject
Project("{8BC9CEB8-8B4A-11D0-8D11-00A0C91BC942}") = "_Royale", "_Royale\_Royale.vcxproj", "{41B58C23-3CF0-415E-AFEB-EBAF45B22E9F}"
EndProject
Global
	GlobalSection(SolutionConfigurationPlatforms) = preSolution
		Debug|x64 = Debug|x64
		Debug|x86 = Debug|x86
		Release|x64 = Release|x64
		Release|x86 = Release|x86
	EndGlobalSection
	GlobalSection(ProjectConfigurationPlatforms) = postSolution
		{227F707D-6E4F-4BF8-B568-CBD45456F61E}.Debug|x64.ActiveCfg = Debug|x64
		{227F707D-6E4F-4BF8-B568-CBD45456F61E}.Debug|x64.Build.0 = Debug|x64
		{227F707D-6E4F-4BF8-B568-CBD45456F61E}.Debug|x86.ActiveCfg = Debug|Win32
		{227F707D-6E4F-4BF8-B568-CBD45456F61E}.Debug|x86.Build.0 = Debug|Win32
		{227F707D-6E4F-4BF8-B568-CBD45456F61E}.Release|x64.ActiveCfg = Release|x64
		{227F707D-6E4F-4BF8-B568-CBD45456F61E}.Release|x64.Build.0 = Release|x64
		{227F707D-6E4F-4BF8-B568-CBD45456F61E}.Release|x86.ActiveCfg = Release|Win32
		{227F707D-6E4F-4BF8-B568-CBD45456F61E}.Release|x86.Build.0 = Release|Win32
		{41B58C23-3CF0-415E-AFEB-EBAF45B22E9F}.Debug|x64.ActiveCfg = Debug|x64
		{41B58C23-3CF0-415E-AFEB-EBAF45B22E9F}.Debug|x64.Build.0 = Debug|x64
		{41B58C23-3CF0-415E-AFEB-EBAF45B22E9F}.Debug|x86.ActiveCfg = Debug|Win32
		{41B58C23-3CF0-415E-AFEB-EBAF45B22E9F}.Debug|x86.Build.0 = Debug|Win32
		{41B58C23-3CF0-415E-AFEB-EBAF45B22E9F}.Release|x64.ActiveCfg = Release|x64
		{41B58C23-3CF0-415E-AFEB-EBAF45B22E9F}.Release|x64.Build.0 = Release|x64
		{41B58C23-3CF0-415E-AFEB-EBAF45B22E9F}.Release|x86.ActiveCfg = Release|Win32
		{41B58C23-3CF0-415E-AFEB-EBAF45B22E9F}.Release|x86.Build.0 = Release|Win32
	EndGlobalSection
	GlobalSection(SolutionProperties) = preSolution
		HideSolutionNode = FALSE
	EndGlobalSection
	GlobalSection(ExtensibilityGlobals) = postSolution
		SolutionGuid = {F696B64A-97ED-4789-B616-0E52AF3B90C2}
	EndGlobalSection
EndGlobal
